// !$*UTF8*$!
{
	archiveVersion = 1;
	classes = {
	};
	objectVersion = 56;
	objects = {

/* Begin PBXBuildFile section */
		570BC9842ADE6D8300D2D8EA /* ThemePicker.swift in Sources */ = {isa = PBXBuildFile; fileRef = 570BC9832ADE6D8300D2D8EA /* ThemePicker.swift */; };
		F622247D2AD806DC0099B296 /* ScrumsView.swift in Sources */ = {isa = PBXBuildFile; fileRef = F622247C2AD806DC0099B296 /* ScrumsView.swift */; };
		F622247F2AD867220099B296 /* DetailView.swift in Sources */ = {isa = PBXBuildFile; fileRef = F622247E2AD867220099B296 /* DetailView.swift */; };
		F657941D2AD696A700A8B42C /* ScrumdingerApp.swift in Sources */ = {isa = PBXBuildFile; fileRef = F657941C2AD696A700A8B42C /* ScrumdingerApp.swift */; };
		F657941F2AD696A700A8B42C /* MeetingView.swift in Sources */ = {isa = PBXBuildFile; fileRef = F657941E2AD696A700A8B42C /* MeetingView.swift */; };
		F65794212AD696A800A8B42C /* Assets.xcassets in Resources */ = {isa = PBXBuildFile; fileRef = F65794202AD696A800A8B42C /* Assets.xcassets */; };
		F65794242AD696A800A8B42C /* Preview Assets.xcassets in Resources */ = {isa = PBXBuildFile; fileRef = F65794232AD696A800A8B42C /* Preview Assets.xcassets */; };
		F657942E2AD696A800A8B42C /* ScrumdingerTests.swift in Sources */ = {isa = PBXBuildFile; fileRef = F657942D2AD696A800A8B42C /* ScrumdingerTests.swift */; };
		F65794382AD696A800A8B42C /* ScrumdingerUITests.swift in Sources */ = {isa = PBXBuildFile; fileRef = F65794372AD696A800A8B42C /* ScrumdingerUITests.swift */; };
		F657943A2AD696A800A8B42C /* ScrumdingerUITestsLaunchTests.swift in Sources */ = {isa = PBXBuildFile; fileRef = F65794392AD696A800A8B42C /* ScrumdingerUITestsLaunchTests.swift */; };
		F65BFC842AD6FF9900D20E79 /* Theme.swift in Sources */ = {isa = PBXBuildFile; fileRef = F65BFC832AD6FF9900D20E79 /* Theme.swift */; };
		F65BFC862AD704F600D20E79 /* DailyScrum.swift in Sources */ = {isa = PBXBuildFile; fileRef = F65BFC852AD704F600D20E79 /* DailyScrum.swift */; };
		F65BFC882AD70B4400D20E79 /* CardView.swift in Sources */ = {isa = PBXBuildFile; fileRef = F65BFC872AD70B4400D20E79 /* CardView.swift */; };
		F65BFC8A2AD714E300D20E79 /* TrailingIconLabelStyle.swift in Sources */ = {isa = PBXBuildFile; fileRef = F65BFC892AD714E300D20E79 /* TrailingIconLabelStyle.swift */; };
		F664CF742ADAFBC500769C73 /* ThemeView.swift in Sources */ = {isa = PBXBuildFile; fileRef = F664CF732ADAFBC500769C73 /* ThemeView.swift */; };
		F6B31B6B2ADED030007A6A41 /* MeetingHeaderView.swift in Sources */ = {isa = PBXBuildFile; fileRef = F6B31B6A2ADED030007A6A41 /* MeetingHeaderView.swift */; };
		F6B31B6E2ADED759007A6A41 /* ScrumProgressViewStyle.swift in Sources */ = {isa = PBXBuildFile; fileRef = F6B31B6D2ADED759007A6A41 /* ScrumProgressViewStyle.swift */; };
		F6B31B722ADED92C007A6A41 /* ScrumTimer.swift in Sources */ = {isa = PBXBuildFile; fileRef = F6B31B712ADED92C007A6A41 /* ScrumTimer.swift */; };
		F6B31B742ADEDC8E007A6A41 /* MeetingFooterView.swift in Sources */ = {isa = PBXBuildFile; fileRef = F6B31B732ADEDC8E007A6A41 /* MeetingFooterView.swift */; };
		F6B31B762ADEE1B1007A6A41 /* AVPlayer+Ding.swift in Sources */ = {isa = PBXBuildFile; fileRef = F6B31B752ADEE1B1007A6A41 /* AVPlayer+Ding.swift */; };
		F6B31B792ADEE27B007A6A41 /* ding.wav in Resources */ = {isa = PBXBuildFile; fileRef = F6B31B782ADEE27B007A6A41 /* ding.wav */; };
		F6B31B7B2ADEF23A007A6A41 /* NewScrumSheet.swift in Sources */ = {isa = PBXBuildFile; fileRef = F6B31B7A2ADEF23A007A6A41 /* NewScrumSheet.swift */; };
		F6B31B7D2ADEF6C4007A6A41 /* EditScrumSheet.swift in Sources */ = {isa = PBXBuildFile; fileRef = F6B31B7C2ADEF6C4007A6A41 /* EditScrumSheet.swift */; };
		F6B31B7F2ADEFA3E007A6A41 /* History.swift in Sources */ = {isa = PBXBuildFile; fileRef = F6B31B7E2ADEFA3E007A6A41 /* History.swift */; };
		F6D485922ADA736F00688A6A /* DetailEditView.swift in Sources */ = {isa = PBXBuildFile; fileRef = F6D485912ADA736F00688A6A /* DetailEditView.swift */; };
		F6FD45FA2ADFB7D600CA1832 /* ScrumStore.swift in Sources */ = {isa = PBXBuildFile; fileRef = F6FD45F92ADFB7D600CA1832 /* ScrumStore.swift */; };
		F6FD45FC2ADFD59900CA1832 /* ErrorWrapper.swift in Sources */ = {isa = PBXBuildFile; fileRef = F6FD45FB2ADFD59900CA1832 /* ErrorWrapper.swift */; };
		F6FD45FE2ADFD69600CA1832 /* ErrorView.swift in Sources */ = {isa = PBXBuildFile; fileRef = F6FD45FD2ADFD69600CA1832 /* ErrorView.swift */; };
		F6FD46002ADFDFBB00CA1832 /* MeetingTimerView.swift in Sources */ = {isa = PBXBuildFile; fileRef = F6FD45FF2ADFDFBB00CA1832 /* MeetingTimerView.swift */; };
		F6FD46072ADFE90100CA1832 /* SpeakerArc.swift in Sources */ = {isa = PBXBuildFile; fileRef = F6FD46062ADFE90100CA1832 /* SpeakerArc.swift */; };
		F6FD46092AE0254000CA1832 /* SpeechRecognizer.swift in Sources */ = {isa = PBXBuildFile; fileRef = F6FD46082AE0254000CA1832 /* SpeechRecognizer.swift */; };
		F6FD460B2AE03B5900CA1832 /* HistoryView.swift in Sources */ = {isa = PBXBuildFile; fileRef = F6FD460A2AE03B5900CA1832 /* HistoryView.swift */; };
/* End PBXBuildFile section */

/* Begin PBXContainerItemProxy section */
		F657942A2AD696A800A8B42C /* PBXContainerItemProxy */ = {
			isa = PBXContainerItemProxy;
			containerPortal = F65794112AD696A700A8B42C /* Project object */;
			proxyType = 1;
			remoteGlobalIDString = F65794182AD696A700A8B42C;
			remoteInfo = Scrumdinger;
		};
		F65794342AD696A800A8B42C /* PBXContainerItemProxy */ = {
			isa = PBXContainerItemProxy;
			containerPortal = F65794112AD696A700A8B42C /* Project object */;
			proxyType = 1;
			remoteGlobalIDString = F65794182AD696A700A8B42C;
			remoteInfo = Scrumdinger;
		};
/* End PBXContainerItemProxy section */

/* Begin PBXFileReference section */
		570BC9832ADE6D8300D2D8EA /* ThemePicker.swift */ = {isa = PBXFileReference; lastKnownFileType = sourcecode.swift; path = ThemePicker.swift; sourceTree = "<group>"; };
		F622247C2AD806DC0099B296 /* ScrumsView.swift */ = {isa = PBXFileReference; lastKnownFileType = sourcecode.swift; path = ScrumsView.swift; sourceTree = "<group>"; };
		F622247E2AD867220099B296 /* DetailView.swift */ = {isa = PBXFileReference; lastKnownFileType = sourcecode.swift; path = DetailView.swift; sourceTree = "<group>"; };
		F65794192AD696A700A8B42C /* Scrumdinger.app */ = {isa = PBXFileReference; explicitFileType = wrapper.application; includeInIndex = 0; path = Scrumdinger.app; sourceTree = BUILT_PRODUCTS_DIR; };
		F657941C2AD696A700A8B42C /* ScrumdingerApp.swift */ = {isa = PBXFileReference; lastKnownFileType = sourcecode.swift; path = ScrumdingerApp.swift; sourceTree = "<group>"; };
		F657941E2AD696A700A8B42C /* MeetingView.swift */ = {isa = PBXFileReference; lastKnownFileType = sourcecode.swift; path = MeetingView.swift; sourceTree = "<group>"; };
		F65794202AD696A800A8B42C /* Assets.xcassets */ = {isa = PBXFileReference; lastKnownFileType = folder.assetcatalog; path = Assets.xcassets; sourceTree = "<group>"; };
		F65794232AD696A800A8B42C /* Preview Assets.xcassets */ = {isa = PBXFileReference; lastKnownFileType = folder.assetcatalog; path = "Preview Assets.xcassets"; sourceTree = "<group>"; };
		F65794292AD696A800A8B42C /* ScrumdingerTests.xctest */ = {isa = PBXFileReference; explicitFileType = wrapper.cfbundle; includeInIndex = 0; path = ScrumdingerTests.xctest; sourceTree = BUILT_PRODUCTS_DIR; };
		F657942D2AD696A800A8B42C /* ScrumdingerTests.swift */ = {isa = PBXFileReference; lastKnownFileType = sourcecode.swift; path = ScrumdingerTests.swift; sourceTree = "<group>"; };
		F65794332AD696A800A8B42C /* ScrumdingerUITests.xctest */ = {isa = PBXFileReference; explicitFileType = wrapper.cfbundle; includeInIndex = 0; path = ScrumdingerUITests.xctest; sourceTree = BUILT_PRODUCTS_DIR; };
		F65794372AD696A800A8B42C /* ScrumdingerUITests.swift */ = {isa = PBXFileReference; lastKnownFileType = sourcecode.swift; path = ScrumdingerUITests.swift; sourceTree = "<group>"; };
		F65794392AD696A800A8B42C /* ScrumdingerUITestsLaunchTests.swift */ = {isa = PBXFileReference; lastKnownFileType = sourcecode.swift; path = ScrumdingerUITestsLaunchTests.swift; sourceTree = "<group>"; };
		F65BFC832AD6FF9900D20E79 /* Theme.swift */ = {isa = PBXFileReference; lastKnownFileType = sourcecode.swift; path = Theme.swift; sourceTree = "<group>"; };
		F65BFC852AD704F600D20E79 /* DailyScrum.swift */ = {isa = PBXFileReference; lastKnownFileType = sourcecode.swift; path = DailyScrum.swift; sourceTree = "<group>"; };
		F65BFC872AD70B4400D20E79 /* CardView.swift */ = {isa = PBXFileReference; lastKnownFileType = sourcecode.swift; path = CardView.swift; sourceTree = "<group>"; };
		F65BFC892AD714E300D20E79 /* TrailingIconLabelStyle.swift */ = {isa = PBXFileReference; lastKnownFileType = sourcecode.swift; path = TrailingIconLabelStyle.swift; sourceTree = "<group>"; };
		F664CF732ADAFBC500769C73 /* ThemeView.swift */ = {isa = PBXFileReference; lastKnownFileType = sourcecode.swift; path = ThemeView.swift; sourceTree = "<group>"; };
		F6B31B6A2ADED030007A6A41 /* MeetingHeaderView.swift */ = {isa = PBXFileReference; lastKnownFileType = sourcecode.swift; path = MeetingHeaderView.swift; sourceTree = "<group>"; };
		F6B31B6D2ADED759007A6A41 /* ScrumProgressViewStyle.swift */ = {isa = PBXFileReference; lastKnownFileType = sourcecode.swift; path = ScrumProgressViewStyle.swift; sourceTree = "<group>"; };
		F6B31B712ADED92C007A6A41 /* ScrumTimer.swift */ = {isa = PBXFileReference; lastKnownFileType = sourcecode.swift; path = ScrumTimer.swift; sourceTree = "<group>"; };
		F6B31B732ADEDC8E007A6A41 /* MeetingFooterView.swift */ = {isa = PBXFileReference; lastKnownFileType = sourcecode.swift; path = MeetingFooterView.swift; sourceTree = "<group>"; };
		F6B31B752ADEE1B1007A6A41 /* AVPlayer+Ding.swift */ = {isa = PBXFileReference; lastKnownFileType = sourcecode.swift; path = "AVPlayer+Ding.swift"; sourceTree = "<group>"; };
		F6B31B782ADEE27B007A6A41 /* ding.wav */ = {isa = PBXFileReference; lastKnownFileType = audio.wav; path = ding.wav; sourceTree = "<group>"; };
		F6B31B7A2ADEF23A007A6A41 /* NewScrumSheet.swift */ = {isa = PBXFileReference; lastKnownFileType = sourcecode.swift; path = NewScrumSheet.swift; sourceTree = "<group>"; };
		F6B31B7C2ADEF6C4007A6A41 /* EditScrumSheet.swift */ = {isa = PBXFileReference; lastKnownFileType = sourcecode.swift; path = EditScrumSheet.swift; sourceTree = "<group>"; };
		F6B31B7E2ADEFA3E007A6A41 /* History.swift */ = {isa = PBXFileReference; lastKnownFileType = sourcecode.swift; path = History.swift; sourceTree = "<group>"; };
		F6D485912ADA736F00688A6A /* DetailEditView.swift */ = {isa = PBXFileReference; lastKnownFileType = sourcecode.swift; path = DetailEditView.swift; sourceTree = "<group>"; };
		F6FD45F92ADFB7D600CA1832 /* ScrumStore.swift */ = {isa = PBXFileReference; lastKnownFileType = sourcecode.swift; path = ScrumStore.swift; sourceTree = "<group>"; };
		F6FD45FB2ADFD59900CA1832 /* ErrorWrapper.swift */ = {isa = PBXFileReference; lastKnownFileType = sourcecode.swift; path = ErrorWrapper.swift; sourceTree = "<group>"; };
		F6FD45FD2ADFD69600CA1832 /* ErrorView.swift */ = {isa = PBXFileReference; lastKnownFileType = sourcecode.swift; path = ErrorView.swift; sourceTree = "<group>"; };
		F6FD45FF2ADFDFBB00CA1832 /* MeetingTimerView.swift */ = {isa = PBXFileReference; lastKnownFileType = sourcecode.swift; path = MeetingTimerView.swift; sourceTree = "<group>"; };
		F6FD46062ADFE90100CA1832 /* SpeakerArc.swift */ = {isa = PBXFileReference; lastKnownFileType = sourcecode.swift; path = SpeakerArc.swift; sourceTree = "<group>"; };
		F6FD46082AE0254000CA1832 /* SpeechRecognizer.swift */ = {isa = PBXFileReference; lastKnownFileType = sourcecode.swift; path = SpeechRecognizer.swift; sourceTree = "<group>"; };
		F6FD460A2AE03B5900CA1832 /* HistoryView.swift */ = {isa = PBXFileReference; lastKnownFileType = sourcecode.swift; path = HistoryView.swift; sourceTree = "<group>"; };
/* End PBXFileReference section */

/* Begin PBXFrameworksBuildPhase section */
		F65794162AD696A700A8B42C /* Frameworks */ = {
			isa = PBXFrameworksBuildPhase;
			buildActionMask = 2147483647;
			files = (
			);
			runOnlyForDeploymentPostprocessing = 0;
		};
		F65794262AD696A800A8B42C /* Frameworks */ = {
			isa = PBXFrameworksBuildPhase;
			buildActionMask = 2147483647;
			files = (
			);
			runOnlyForDeploymentPostprocessing = 0;
		};
		F65794302AD696A800A8B42C /* Frameworks */ = {
			isa = PBXFrameworksBuildPhase;
			buildActionMask = 2147483647;
			files = (
			);
			runOnlyForDeploymentPostprocessing = 0;
		};
/* End PBXFrameworksBuildPhase section */

/* Begin PBXGroup section */
		F65794102AD696A700A8B42C = {
			isa = PBXGroup;
			children = (
				F657941B2AD696A700A8B42C /* Scrumdinger */,
				F657942C2AD696A800A8B42C /* ScrumdingerTests */,
				F65794362AD696A800A8B42C /* ScrumdingerUITests */,
				F657941A2AD696A700A8B42C /* Products */,
			);
			sourceTree = "<group>";
		};
		F657941A2AD696A700A8B42C /* Products */ = {
			isa = PBXGroup;
			children = (
				F65794192AD696A700A8B42C /* Scrumdinger.app */,
				F65794292AD696A800A8B42C /* ScrumdingerTests.xctest */,
				F65794332AD696A800A8B42C /* ScrumdingerUITests.xctest */,
			);
			name = Products;
			sourceTree = "<group>";
		};
		F657941B2AD696A700A8B42C /* Scrumdinger */ = {
			isa = PBXGroup;
			children = (
				F6FD46032ADFE09800CA1832 /* Helpers */,
				F65BFC822AD6FE4D00D20E79 /* Models */,
				F6B31B6C2ADED6AF007A6A41 /* Views */,
				F657941C2AD696A700A8B42C /* ScrumdingerApp.swift */,
				F6B31B772ADEE1E4007A6A41 /* Resources */,
				F65794202AD696A800A8B42C /* Assets.xcassets */,
				F65794222AD696A800A8B42C /* Preview Content */,
			);
			path = Scrumdinger;
			sourceTree = "<group>";
		};
		F65794222AD696A800A8B42C /* Preview Content */ = {
			isa = PBXGroup;
			children = (
				F65794232AD696A800A8B42C /* Preview Assets.xcassets */,
			);
			path = "Preview Content";
			sourceTree = "<group>";
		};
		F657942C2AD696A800A8B42C /* ScrumdingerTests */ = {
			isa = PBXGroup;
			children = (
				F657942D2AD696A800A8B42C /* ScrumdingerTests.swift */,
			);
			path = ScrumdingerTests;
			sourceTree = "<group>";
		};
		F65794362AD696A800A8B42C /* ScrumdingerUITests */ = {
			isa = PBXGroup;
			children = (
				F65794372AD696A800A8B42C /* ScrumdingerUITests.swift */,
				F65794392AD696A800A8B42C /* ScrumdingerUITestsLaunchTests.swift */,
			);
			path = ScrumdingerUITests;
			sourceTree = "<group>";
		};
		F65BFC822AD6FE4D00D20E79 /* Models */ = {
			isa = PBXGroup;
			children = (
				F6B31B712ADED92C007A6A41 /* ScrumTimer.swift */,
				F6FD45F92ADFB7D600CA1832 /* ScrumStore.swift */,
				F65BFC832AD6FF9900D20E79 /* Theme.swift */,
				F65BFC852AD704F600D20E79 /* DailyScrum.swift */,
				F6B31B7E2ADEFA3E007A6A41 /* History.swift */,
				F6FD45FB2ADFD59900CA1832 /* ErrorWrapper.swift */,
				F6FD46082AE0254000CA1832 /* SpeechRecognizer.swift */,
			);
			path = Models;
			sourceTree = "<group>";
		};
		F6B31B6C2ADED6AF007A6A41 /* Views */ = {
			isa = PBXGroup;
			children = (
				F6B31B702ADED7D3007A6A41 /* Styles */,
				F6B31B6F2ADED7C8007A6A41 /* Components */,
				F657941E2AD696A700A8B42C /* MeetingView.swift */,
				F622247C2AD806DC0099B296 /* ScrumsView.swift */,
				F622247E2AD867220099B296 /* DetailView.swift */,
				F6B31B7A2ADEF23A007A6A41 /* NewScrumSheet.swift */,
				F6B31B7C2ADEF6C4007A6A41 /* EditScrumSheet.swift */,
				F6FD460A2AE03B5900CA1832 /* HistoryView.swift */,
			);
			path = Views;
			sourceTree = "<group>";
		};
		F6B31B6F2ADED7C8007A6A41 /* Components */ = {
			isa = PBXGroup;
			children = (
				F6FD46052ADFE0FD00CA1832 /* Utils */,
				F6FD46042ADFE0D600CA1832 /* ScrumsList */,
				F6FD46022ADFE03B00CA1832 /* CreateEdit */,
				F6FD46012ADFDFEB00CA1832 /* Meeting */,
			);
			path = Components;
			sourceTree = "<group>";
		};
		F6B31B702ADED7D3007A6A41 /* Styles */ = {
			isa = PBXGroup;
			children = (
				F65BFC892AD714E300D20E79 /* TrailingIconLabelStyle.swift */,
				F6B31B6D2ADED759007A6A41 /* ScrumProgressViewStyle.swift */,
			);
			path = Styles;
			sourceTree = "<group>";
		};
		F6B31B772ADEE1E4007A6A41 /* Resources */ = {
			isa = PBXGroup;
			children = (
				F6B31B782ADEE27B007A6A41 /* ding.wav */,
			);
			path = Resources;
			sourceTree = "<group>";
		};
		F6FD46012ADFDFEB00CA1832 /* Meeting */ = {
			isa = PBXGroup;
			children = (
				F6B31B6A2ADED030007A6A41 /* MeetingHeaderView.swift */,
				F6FD45FF2ADFDFBB00CA1832 /* MeetingTimerView.swift */,
				F6B31B732ADEDC8E007A6A41 /* MeetingFooterView.swift */,
			);
			path = Meeting;
			sourceTree = "<group>";
		};
		F6FD46022ADFE03B00CA1832 /* CreateEdit */ = {
			isa = PBXGroup;
			children = (
				F664CF732ADAFBC500769C73 /* ThemeView.swift */,
				570BC9832ADE6D8300D2D8EA /* ThemePicker.swift */,
				F6D485912ADA736F00688A6A /* DetailEditView.swift */,
			);
			path = CreateEdit;
			sourceTree = "<group>";
		};
		F6FD46032ADFE09800CA1832 /* Helpers */ = {
			isa = PBXGroup;
			children = (
				F6B31B752ADEE1B1007A6A41 /* AVPlayer+Ding.swift */,
			);
			path = Helpers;
			sourceTree = "<group>";
		};
		F6FD46042ADFE0D600CA1832 /* ScrumsList */ = {
			isa = PBXGroup;
			children = (
				F65BFC872AD70B4400D20E79 /* CardView.swift */,
			);
			path = ScrumsList;
			sourceTree = "<group>";
		};
		F6FD46052ADFE0FD00CA1832 /* Utils */ = {
			isa = PBXGroup;
			children = (
				F6FD45FD2ADFD69600CA1832 /* ErrorView.swift */,
				F6FD46062ADFE90100CA1832 /* SpeakerArc.swift */,
			);
			path = Utils;
			sourceTree = "<group>";
		};
/* End PBXGroup section */

/* Begin PBXNativeTarget section */
		F65794182AD696A700A8B42C /* Scrumdinger */ = {
			isa = PBXNativeTarget;
			buildConfigurationList = F657943D2AD696A800A8B42C /* Build configuration list for PBXNativeTarget "Scrumdinger" */;
			buildPhases = (
				F65794152AD696A700A8B42C /* Sources */,
				F65794162AD696A700A8B42C /* Frameworks */,
				F65794172AD696A700A8B42C /* Resources */,
			);
			buildRules = (
			);
			dependencies = (
			);
			name = Scrumdinger;
			productName = Scrumdinger;
			productReference = F65794192AD696A700A8B42C /* Scrumdinger.app */;
			productType = "com.apple.product-type.application";
		};
		F65794282AD696A800A8B42C /* ScrumdingerTests */ = {
			isa = PBXNativeTarget;
			buildConfigurationList = F65794402AD696A800A8B42C /* Build configuration list for PBXNativeTarget "ScrumdingerTests" */;
			buildPhases = (
				F65794252AD696A800A8B42C /* Sources */,
				F65794262AD696A800A8B42C /* Frameworks */,
				F65794272AD696A800A8B42C /* Resources */,
			);
			buildRules = (
			);
			dependencies = (
				F657942B2AD696A800A8B42C /* PBXTargetDependency */,
			);
			name = ScrumdingerTests;
			productName = ScrumdingerTests;
			productReference = F65794292AD696A800A8B42C /* ScrumdingerTests.xctest */;
			productType = "com.apple.product-type.bundle.unit-test";
		};
		F65794322AD696A800A8B42C /* ScrumdingerUITests */ = {
			isa = PBXNativeTarget;
			buildConfigurationList = F65794432AD696A800A8B42C /* Build configuration list for PBXNativeTarget "ScrumdingerUITests" */;
			buildPhases = (
				F657942F2AD696A800A8B42C /* Sources */,
				F65794302AD696A800A8B42C /* Frameworks */,
				F65794312AD696A800A8B42C /* Resources */,
			);
			buildRules = (
			);
			dependencies = (
				F65794352AD696A800A8B42C /* PBXTargetDependency */,
			);
			name = ScrumdingerUITests;
			productName = ScrumdingerUITests;
			productReference = F65794332AD696A800A8B42C /* ScrumdingerUITests.xctest */;
			productType = "com.apple.product-type.bundle.ui-testing";
		};
/* End PBXNativeTarget section */

/* Begin PBXProject section */
		F65794112AD696A700A8B42C /* Project object */ = {
			isa = PBXProject;
			attributes = {
				BuildIndependentTargetsInParallel = 1;
				LastSwiftUpdateCheck = 1500;
				LastUpgradeCheck = 1500;
				TargetAttributes = {
					F65794182AD696A700A8B42C = {
						CreatedOnToolsVersion = 15.0;
					};
					F65794282AD696A800A8B42C = {
						CreatedOnToolsVersion = 15.0;
						TestTargetID = F65794182AD696A700A8B42C;
					};
					F65794322AD696A800A8B42C = {
						CreatedOnToolsVersion = 15.0;
						TestTargetID = F65794182AD696A700A8B42C;
					};
				};
			};
			buildConfigurationList = F65794142AD696A700A8B42C /* Build configuration list for PBXProject "Scrumdinger" */;
			compatibilityVersion = "Xcode 14.0";
			developmentRegion = en;
			hasScannedForEncodings = 0;
			knownRegions = (
				en,
				Base,
			);
			mainGroup = F65794102AD696A700A8B42C;
			productRefGroup = F657941A2AD696A700A8B42C /* Products */;
			projectDirPath = "";
			projectRoot = "";
			targets = (
				F65794182AD696A700A8B42C /* Scrumdinger */,
				F65794282AD696A800A8B42C /* ScrumdingerTests */,
				F65794322AD696A800A8B42C /* ScrumdingerUITests */,
			);
		};
/* End PBXProject section */

/* Begin PBXResourcesBuildPhase section */
		F65794172AD696A700A8B42C /* Resources */ = {
			isa = PBXResourcesBuildPhase;
			buildActionMask = 2147483647;
			files = (
				F6B31B792ADEE27B007A6A41 /* ding.wav in Resources */,
				F65794242AD696A800A8B42C /* Preview Assets.xcassets in Resources */,
				F65794212AD696A800A8B42C /* Assets.xcassets in Resources */,
			);
			runOnlyForDeploymentPostprocessing = 0;
		};
		F65794272AD696A800A8B42C /* Resources */ = {
			isa = PBXResourcesBuildPhase;
			buildActionMask = 2147483647;
			files = (
			);
			runOnlyForDeploymentPostprocessing = 0;
		};
		F65794312AD696A800A8B42C /* Resources */ = {
			isa = PBXResourcesBuildPhase;
			buildActionMask = 2147483647;
			files = (
			);
			runOnlyForDeploymentPostprocessing = 0;
		};
/* End PBXResourcesBuildPhase section */

/* Begin PBXSourcesBuildPhase section */
		F65794152AD696A700A8B42C /* Sources */ = {
			isa = PBXSourcesBuildPhase;
			buildActionMask = 2147483647;
			files = (
				570BC9842ADE6D8300D2D8EA /* ThemePicker.swift in Sources */,
				F6B31B6E2ADED759007A6A41 /* ScrumProgressViewStyle.swift in Sources */,
				F6FD45FA2ADFB7D600CA1832 /* ScrumStore.swift in Sources */,
				F6B31B7F2ADEFA3E007A6A41 /* History.swift in Sources */,
				F6B31B742ADEDC8E007A6A41 /* MeetingFooterView.swift in Sources */,
				F6B31B722ADED92C007A6A41 /* ScrumTimer.swift in Sources */,
				F65BFC862AD704F600D20E79 /* DailyScrum.swift in Sources */,
				F622247F2AD867220099B296 /* DetailView.swift in Sources */,
				F6B31B6B2ADED030007A6A41 /* MeetingHeaderView.swift in Sources */,
				F6D485922ADA736F00688A6A /* DetailEditView.swift in Sources */,
				F6FD46092AE0254000CA1832 /* SpeechRecognizer.swift in Sources */,
				F6B31B7D2ADEF6C4007A6A41 /* EditScrumSheet.swift in Sources */,
				F6B31B7B2ADEF23A007A6A41 /* NewScrumSheet.swift in Sources */,
				F6FD46072ADFE90100CA1832 /* SpeakerArc.swift in Sources */,
				F65BFC8A2AD714E300D20E79 /* TrailingIconLabelStyle.swift in Sources */,
				F65BFC842AD6FF9900D20E79 /* Theme.swift in Sources */,
				F622247D2AD806DC0099B296 /* ScrumsView.swift in Sources */,
				F6FD460B2AE03B5900CA1832 /* HistoryView.swift in Sources */,
				F6FD46002ADFDFBB00CA1832 /* MeetingTimerView.swift in Sources */,
				F6FD45FC2ADFD59900CA1832 /* ErrorWrapper.swift in Sources */,
				F657941F2AD696A700A8B42C /* MeetingView.swift in Sources */,
				F657941D2AD696A700A8B42C /* ScrumdingerApp.swift in Sources */,
				F664CF742ADAFBC500769C73 /* ThemeView.swift in Sources */,
				F65BFC882AD70B4400D20E79 /* CardView.swift in Sources */,
				F6B31B762ADEE1B1007A6A41 /* AVPlayer+Ding.swift in Sources */,
				F6FD45FE2ADFD69600CA1832 /* ErrorView.swift in Sources */,
			);
			runOnlyForDeploymentPostprocessing = 0;
		};
		F65794252AD696A800A8B42C /* Sources */ = {
			isa = PBXSourcesBuildPhase;
			buildActionMask = 2147483647;
			files = (
				F657942E2AD696A800A8B42C /* ScrumdingerTests.swift in Sources */,
			);
			runOnlyForDeploymentPostprocessing = 0;
		};
		F657942F2AD696A800A8B42C /* Sources */ = {
			isa = PBXSourcesBuildPhase;
			buildActionMask = 2147483647;
			files = (
				F657943A2AD696A800A8B42C /* ScrumdingerUITestsLaunchTests.swift in Sources */,
				F65794382AD696A800A8B42C /* ScrumdingerUITests.swift in Sources */,
			);
			runOnlyForDeploymentPostprocessing = 0;
		};
/* End PBXSourcesBuildPhase section */

/* Begin PBXTargetDependency section */
		F657942B2AD696A800A8B42C /* PBXTargetDependency */ = {
			isa = PBXTargetDependency;
			target = F65794182AD696A700A8B42C /* Scrumdinger */;
			targetProxy = F657942A2AD696A800A8B42C /* PBXContainerItemProxy */;
		};
		F65794352AD696A800A8B42C /* PBXTargetDependency */ = {
			isa = PBXTargetDependency;
			target = F65794182AD696A700A8B42C /* Scrumdinger */;
			targetProxy = F65794342AD696A800A8B42C /* PBXContainerItemProxy */;
		};
/* End PBXTargetDependency section */

/* Begin XCBuildConfiguration section */
		F657943B2AD696A800A8B42C /* Debug */ = {
			isa = XCBuildConfiguration;
			buildSettings = {
				ALWAYS_SEARCH_USER_PATHS = NO;
				ASSETCATALOG_COMPILER_GENERATE_SWIFT_ASSET_SYMBOL_EXTENSIONS = YES;
				CLANG_ANALYZER_NONNULL = YES;
				CLANG_ANALYZER_NUMBER_OBJECT_CONVERSION = YES_AGGRESSIVE;
				CLANG_CXX_LANGUAGE_STANDARD = "gnu++20";
				CLANG_ENABLE_MODULES = YES;
				CLANG_ENABLE_OBJC_ARC = YES;
				CLANG_ENABLE_OBJC_WEAK = YES;
				CLANG_WARN_BLOCK_CAPTURE_AUTORELEASING = YES;
				CLANG_WARN_BOOL_CONVERSION = YES;
				CLANG_WARN_COMMA = YES;
				CLANG_WARN_CONSTANT_CONVERSION = YES;
				CLANG_WARN_DEPRECATED_OBJC_IMPLEMENTATIONS = YES;
				CLANG_WARN_DIRECT_OBJC_ISA_USAGE = YES_ERROR;
				CLANG_WARN_DOCUMENTATION_COMMENTS = YES;
				CLANG_WARN_EMPTY_BODY = YES;
				CLANG_WARN_ENUM_CONVERSION = YES;
				CLANG_WARN_INFINITE_RECURSION = YES;
				CLANG_WARN_INT_CONVERSION = YES;
				CLANG_WARN_NON_LITERAL_NULL_CONVERSION = YES;
				CLANG_WARN_OBJC_IMPLICIT_RETAIN_SELF = YES;
				CLANG_WARN_OBJC_LITERAL_CONVERSION = YES;
				CLANG_WARN_OBJC_ROOT_CLASS = YES_ERROR;
				CLANG_WARN_QUOTED_INCLUDE_IN_FRAMEWORK_HEADER = YES;
				CLANG_WARN_RANGE_LOOP_ANALYSIS = YES;
				CLANG_WARN_STRICT_PROTOTYPES = YES;
				CLANG_WARN_SUSPICIOUS_MOVE = YES;
				CLANG_WARN_UNGUARDED_AVAILABILITY = YES_AGGRESSIVE;
				CLANG_WARN_UNREACHABLE_CODE = YES;
				CLANG_WARN__DUPLICATE_METHOD_MATCH = YES;
				COPY_PHASE_STRIP = NO;
				DEBUG_INFORMATION_FORMAT = dwarf;
				ENABLE_STRICT_OBJC_MSGSEND = YES;
				ENABLE_TESTABILITY = YES;
				ENABLE_USER_SCRIPT_SANDBOXING = YES;
				GCC_C_LANGUAGE_STANDARD = gnu17;
				GCC_DYNAMIC_NO_PIC = NO;
				GCC_NO_COMMON_BLOCKS = YES;
				GCC_OPTIMIZATION_LEVEL = 0;
				GCC_PREPROCESSOR_DEFINITIONS = (
					"DEBUG=1",
					"$(inherited)",
				);
				GCC_WARN_64_TO_32_BIT_CONVERSION = YES;
				GCC_WARN_ABOUT_RETURN_TYPE = YES_ERROR;
				GCC_WARN_UNDECLARED_SELECTOR = YES;
				GCC_WARN_UNINITIALIZED_AUTOS = YES_AGGRESSIVE;
				GCC_WARN_UNUSED_FUNCTION = YES;
				GCC_WARN_UNUSED_VARIABLE = YES;
				IPHONEOS_DEPLOYMENT_TARGET = 17.0;
				LOCALIZATION_PREFERS_STRING_CATALOGS = YES;
				MTL_ENABLE_DEBUG_INFO = INCLUDE_SOURCE;
				MTL_FAST_MATH = YES;
				ONLY_ACTIVE_ARCH = YES;
				SDKROOT = iphoneos;
				SWIFT_ACTIVE_COMPILATION_CONDITIONS = "DEBUG $(inherited)";
				SWIFT_OPTIMIZATION_LEVEL = "-Onone";
			};
			name = Debug;
		};
		F657943C2AD696A800A8B42C /* Release */ = {
			isa = XCBuildConfiguration;
			buildSettings = {
				ALWAYS_SEARCH_USER_PATHS = NO;
				ASSETCATALOG_COMPILER_GENERATE_SWIFT_ASSET_SYMBOL_EXTENSIONS = YES;
				CLANG_ANALYZER_NONNULL = YES;
				CLANG_ANALYZER_NUMBER_OBJECT_CONVERSION = YES_AGGRESSIVE;
				CLANG_CXX_LANGUAGE_STANDARD = "gnu++20";
				CLANG_ENABLE_MODULES = YES;
				CLANG_ENABLE_OBJC_ARC = YES;
				CLANG_ENABLE_OBJC_WEAK = YES;
				CLANG_WARN_BLOCK_CAPTURE_AUTORELEASING = YES;
				CLANG_WARN_BOOL_CONVERSION = YES;
				CLANG_WARN_COMMA = YES;
				CLANG_WARN_CONSTANT_CONVERSION = YES;
				CLANG_WARN_DEPRECATED_OBJC_IMPLEMENTATIONS = YES;
				CLANG_WARN_DIRECT_OBJC_ISA_USAGE = YES_ERROR;
				CLANG_WARN_DOCUMENTATION_COMMENTS = YES;
				CLANG_WARN_EMPTY_BODY = YES;
				CLANG_WARN_ENUM_CONVERSION = YES;
				CLANG_WARN_INFINITE_RECURSION = YES;
				CLANG_WARN_INT_CONVERSION = YES;
				CLANG_WARN_NON_LITERAL_NULL_CONVERSION = YES;
				CLANG_WARN_OBJC_IMPLICIT_RETAIN_SELF = YES;
				CLANG_WARN_OBJC_LITERAL_CONVERSION = YES;
				CLANG_WARN_OBJC_ROOT_CLASS = YES_ERROR;
				CLANG_WARN_QUOTED_INCLUDE_IN_FRAMEWORK_HEADER = YES;
				CLANG_WARN_RANGE_LOOP_ANALYSIS = YES;
				CLANG_WARN_STRICT_PROTOTYPES = YES;
				CLANG_WARN_SUSPICIOUS_MOVE = YES;
				CLANG_WARN_UNGUARDED_AVAILABILITY = YES_AGGRESSIVE;
				CLANG_WARN_UNREACHABLE_CODE = YES;
				CLANG_WARN__DUPLICATE_METHOD_MATCH = YES;
				COPY_PHASE_STRIP = NO;
				DEBUG_INFORMATION_FORMAT = "dwarf-with-dsym";
				ENABLE_NS_ASSERTIONS = NO;
				ENABLE_STRICT_OBJC_MSGSEND = YES;
				ENABLE_USER_SCRIPT_SANDBOXING = YES;
				GCC_C_LANGUAGE_STANDARD = gnu17;
				GCC_NO_COMMON_BLOCKS = YES;
				GCC_WARN_64_TO_32_BIT_CONVERSION = YES;
				GCC_WARN_ABOUT_RETURN_TYPE = YES_ERROR;
				GCC_WARN_UNDECLARED_SELECTOR = YES;
				GCC_WARN_UNINITIALIZED_AUTOS = YES_AGGRESSIVE;
				GCC_WARN_UNUSED_FUNCTION = YES;
				GCC_WARN_UNUSED_VARIABLE = YES;
				IPHONEOS_DEPLOYMENT_TARGET = 17.0;
				LOCALIZATION_PREFERS_STRING_CATALOGS = YES;
				MTL_ENABLE_DEBUG_INFO = NO;
				MTL_FAST_MATH = YES;
				SDKROOT = iphoneos;
				SWIFT_COMPILATION_MODE = wholemodule;
				VALIDATE_PRODUCT = YES;
			};
			name = Release;
		};
		F657943E2AD696A800A8B42C /* Debug */ = {
			isa = XCBuildConfiguration;
			buildSettings = {
				ASSETCATALOG_COMPILER_APPICON_NAME = AppIcon;
				ASSETCATALOG_COMPILER_GLOBAL_ACCENT_COLOR_NAME = AccentColor;
				CODE_SIGN_STYLE = Automatic;
				CURRENT_PROJECT_VERSION = 1;
				DEVELOPMENT_ASSET_PATHS = "\"Scrumdinger/Preview Content\"";
				ENABLE_PREVIEWS = YES;
				GENERATE_INFOPLIST_FILE = YES;
				INFOPLIST_KEY_NSMicrophoneUsageDescription = "Audio is recorded to transcribe the meeting. Audio recordings are discarded after transcription.";
				INFOPLIST_KEY_NSSpeechRecognitionUsageDescription = "You can view a text transcription of your meeting in the app.";
				INFOPLIST_KEY_UIApplicationSceneManifest_Generation = YES;
				INFOPLIST_KEY_UIApplicationSupportsIndirectInputEvents = YES;
				INFOPLIST_KEY_UILaunchScreen_Generation = YES;
				INFOPLIST_KEY_UISupportedInterfaceOrientations_iPad = "UIInterfaceOrientationPortrait UIInterfaceOrientationPortraitUpsideDown UIInterfaceOrientationLandscapeLeft UIInterfaceOrientationLandscapeRight";
				INFOPLIST_KEY_UISupportedInterfaceOrientations_iPhone = "UIInterfaceOrientationPortrait UIInterfaceOrientationLandscapeLeft UIInterfaceOrientationLandscapeRight";
				LD_RUNPATH_SEARCH_PATHS = (
					"$(inherited)",
					"@executable_path/Frameworks",
				);
				MARKETING_VERSION = 1.0;
				PRODUCT_BUNDLE_IDENTIFIER = test.Scrumdinger;
				PRODUCT_NAME = "$(TARGET_NAME)";
				SWIFT_EMIT_LOC_STRINGS = YES;
				SWIFT_VERSION = 5.0;
				TARGETED_DEVICE_FAMILY = "1,2";
			};
			name = Debug;
		};
		F657943F2AD696A800A8B42C /* Release */ = {
			isa = XCBuildConfiguration;
			buildSettings = {
				ASSETCATALOG_COMPILER_APPICON_NAME = AppIcon;
				ASSETCATALOG_COMPILER_GLOBAL_ACCENT_COLOR_NAME = AccentColor;
				CODE_SIGN_STYLE = Automatic;
				CURRENT_PROJECT_VERSION = 1;
				DEVELOPMENT_ASSET_PATHS = "\"Scrumdinger/Preview Content\"";
				ENABLE_PREVIEWS = YES;
				GENERATE_INFOPLIST_FILE = YES;
				INFOPLIST_KEY_NSMicrophoneUsageDescription = "Audio is recorded to transcribe the meeting. Audio recordings are discarded after transcription.";
				INFOPLIST_KEY_NSSpeechRecognitionUsageDescription = "You can view a text transcription of your meeting in the app.";
				INFOPLIST_KEY_UIApplicationSceneManifest_Generation = YES;
				INFOPLIST_KEY_UIApplicationSupportsIndirectInputEvents = YES;
				INFOPLIST_KEY_UILaunchScreen_Generation = YES;
				INFOPLIST_KEY_UISupportedInterfaceOrientations_iPad = "UIInterfaceOrientationPortrait UIInterfaceOrientationPortraitUpsideDown UIInterfaceOrientationLandscapeLeft UIInterfaceOrientationLandscapeRight";
				INFOPLIST_KEY_UISupportedInterfaceOrientations_iPhone = "UIInterfaceOrientationPortrait UIInterfaceOrientationLandscapeLeft UIInterfaceOrientationLandscapeRight";
				LD_RUNPATH_SEARCH_PATHS = (
					"$(inherited)",
					"@executable_path/Frameworks",
				);
				MARKETING_VERSION = 1.0;
				PRODUCT_BUNDLE_IDENTIFIER = test.Scrumdinger;
				PRODUCT_NAME = "$(TARGET_NAME)";
				SWIFT_EMIT_LOC_STRINGS = YES;
				SWIFT_VERSION = 5.0;
				TARGETED_DEVICE_FAMILY = "1,2";
			};
			name = Release;
		};
		F65794412AD696A800A8B42C /* Debug */ = {
			isa = XCBuildConfiguration;
			buildSettings = {
				ALWAYS_EMBED_SWIFT_STANDARD_LIBRARIES = YES;
				BUNDLE_LOADER = "$(TEST_HOST)";
				CODE_SIGN_STYLE = Automatic;
				CURRENT_PROJECT_VERSION = 1;
				GENERATE_INFOPLIST_FILE = YES;
				IPHONEOS_DEPLOYMENT_TARGET = 17.0;
				MARKETING_VERSION = 1.0;
				PRODUCT_BUNDLE_IDENTIFIER = test.ScrumdingerTests;
				PRODUCT_NAME = "$(TARGET_NAME)";
				SWIFT_EMIT_LOC_STRINGS = NO;
				SWIFT_VERSION = 5.0;
				TARGETED_DEVICE_FAMILY = "1,2";
				TEST_HOST = "$(BUILT_PRODUCTS_DIR)/Scrumdinger.app/$(BUNDLE_EXECUTABLE_FOLDER_PATH)/Scrumdinger";
			};
			name = Debug;
		};
		F65794422AD696A800A8B42C /* Release */ = {
			isa = XCBuildConfiguration;
			buildSettings = {
				ALWAYS_EMBED_SWIFT_STANDARD_LIBRARIES = YES;
				BUNDLE_LOADER = "$(TEST_HOST)";
				CODE_SIGN_STYLE = Automatic;
				CURRENT_PROJECT_VERSION = 1;
				GENERATE_INFOPLIST_FILE = YES;
				IPHONEOS_DEPLOYMENT_TARGET = 17.0;
				MARKETING_VERSION = 1.0;
				PRODUCT_BUNDLE_IDENTIFIER = test.ScrumdingerTests;
				PRODUCT_NAME = "$(TARGET_NAME)";
				SWIFT_EMIT_LOC_STRINGS = NO;
				SWIFT_VERSION = 5.0;
				TARGETED_DEVICE_FAMILY = "1,2";
				TEST_HOST = "$(BUILT_PRODUCTS_DIR)/Scrumdinger.app/$(BUNDLE_EXECUTABLE_FOLDER_PATH)/Scrumdinger";
			};
			name = Release;
		};
		F65794442AD696A800A8B42C /* Debug */ = {
			isa = XCBuildConfiguration;
			buildSettings = {
				ALWAYS_EMBED_SWIFT_STANDARD_LIBRARIES = YES;
				CODE_SIGN_STYLE = Automatic;
				CURRENT_PROJECT_VERSION = 1;
				GENERATE_INFOPLIST_FILE = YES;
				MARKETING_VERSION = 1.0;
				PRODUCT_BUNDLE_IDENTIFIER = test.ScrumdingerUITests;
				PRODUCT_NAME = "$(TARGET_NAME)";
				SWIFT_EMIT_LOC_STRINGS = NO;
				SWIFT_VERSION = 5.0;
				TARGETED_DEVICE_FAMILY = "1,2";
				TEST_TARGET_NAME = Scrumdinger;
			};
			name = Debug;
		};
		F65794452AD696A800A8B42C /* Release */ = {
			isa = XCBuildConfiguration;
			buildSettings = {
				ALWAYS_EMBED_SWIFT_STANDARD_LIBRARIES = YES;
				CODE_SIGN_STYLE = Automatic;
				CURRENT_PROJECT_VERSION = 1;
				GENERATE_INFOPLIST_FILE = YES;
				MARKETING_VERSION = 1.0;
				PRODUCT_BUNDLE_IDENTIFIER = test.ScrumdingerUITests;
				PRODUCT_NAME = "$(TARGET_NAME)";
				SWIFT_EMIT_LOC_STRINGS = NO;
				SWIFT_VERSION = 5.0;
				TARGETED_DEVICE_FAMILY = "1,2";
				TEST_TARGET_NAME = Scrumdinger;
			};
			name = Release;
		};
/* End XCBuildConfiguration section */

/* Begin XCConfigurationList section */
		F65794142AD696A700A8B42C /* Build configuration list for PBXProject "Scrumdinger" */ = {
			isa = XCConfigurationList;
			buildConfigurations = (
				F657943B2AD696A800A8B42C /* Debug */,
				F657943C2AD696A800A8B42C /* Release */,
			);
			defaultConfigurationIsVisible = 0;
			defaultConfigurationName = Release;
		};
		F657943D2AD696A800A8B42C /* Build configuration list for PBXNativeTarget "Scrumdinger" */ = {
			isa = XCConfigurationList;
			buildConfigurations = (
				F657943E2AD696A800A8B42C /* Debug */,
				F657943F2AD696A800A8B42C /* Release */,
			);
			defaultConfigurationIsVisible = 0;
			defaultConfigurationName = Release;
		};
		F65794402AD696A800A8B42C /* Build configuration list for PBXNativeTarget "ScrumdingerTests" */ = {
			isa = XCConfigurationList;
			buildConfigurations = (
				F65794412AD696A800A8B42C /* Debug */,
				F65794422AD696A800A8B42C /* Release */,
			);
			defaultConfigurationIsVisible = 0;
			defaultConfigurationName = Release;
		};
		F65794432AD696A800A8B42C /* Build configuration list for PBXNativeTarget "ScrumdingerUITests" */ = {
			isa = XCConfigurationList;
			buildConfigurations = (
				F65794442AD696A800A8B42C /* Debug */,
				F65794452AD696A800A8B42C /* Release */,
			);
			defaultConfigurationIsVisible = 0;
			defaultConfigurationName = Release;
		};
/* End XCConfigurationList section */
	};
	rootObject = F65794112AD696A700A8B42C /* Project object */;
}
